
Microsoft Visual Studio Solution File, Format Version 12.00
# Visual Studio Version 16
VisualStudioVersion = 16.0.29306.81
MinimumVisualStudioVersion = 10.0.40219.1
Project("{FAE04EC0-301F-11D3-BF4B-00C04F79EFBC}") = "Hello World", "Hello World\Hello World.csproj", "{FFB8C3B3-EC04-47BB-BDF1-CE7218E4DDEF}"
EndProject
Global
	GlobalSection(SolutionConfigurationPlatforms) = preSolution
		Debug|Any CPU = Debug|Any CPU
		Release|Any CPU = Release|Any CPU
	EndGlobalSection
	GlobalSection(ProjectConfigurationPlatforms) = postSolution
		{FFB8C3B3-EC04-47BB-BDF1-CE7218E4DDEF}.Debug|Any CPU.ActiveCfg = Debug|Any CPU
		{FFB8C3B3-EC04-47BB-BDF1-CE7218E4DDEF}.Debug|Any CPU.Build.0 = Debug|Any CPU
		{FFB8C3B3-EC04-47BB-BDF1-CE7218E4DDEF}.Release|Any CPU.ActiveCfg = Release|Any CPU
		{FFB8C3B3-EC04-47BB-BDF1-CE7218E4DDEF}.Release|Any CPU.Build.0 = Release|Any CPU
	EndGlobalSection
	GlobalSection(SolutionProperties) = preSolution
		HideSolutionNode = FALSE
	EndGlobalSection
	GlobalSection(ExtensibilityGlobals) = postSolution
		SolutionGuid = {0A06FD15-816C-481A-94DC-ECBA235C80B1}
	EndGlobalSection
EndGlobal
